
Microsoft Visual Studio Solution File, Format Version 12.00
# Visual Studio 15
Project("{FAE04EC0-301F-11D3-BF4B-00C04F79EFBC}") = "Assembly-CSharp", "Assembly-CSharp.csproj", "{9DC3DEB6-064A-B4B1-52C8-E37B3C2FDF1E}"
EndProject
Project("{FAE04EC0-301F-11D3-BF4B-00C04F79EFBC}") = "Assembly-CSharp-Editor", "Assembly-CSharp-Editor.csproj", "{AD28D7F3-2C2B-4787-23C7-3862F4F7E9CE}"
EndProject
Global
	GlobalSection(SolutionConfigurationPlatforms) = preSolution
		Debug|Any CPU = Debug|Any CPU
		Release|Any CPU = Release|Any CPU
	EndGlobalSection
	GlobalSection(ProjectConfigurationPlatforms) = postSolution
		{9DC3DEB6-064A-B4B1-52C8-E37B3C2FDF1E}.Debug|Any CPU.ActiveCfg = Debug|Any CPU
		{9DC3DEB6-064A-B4B1-52C8-E37B3C2FDF1E}.Debug|Any CPU.Build.0 = Debug|Any CPU
		{9DC3DEB6-064A-B4B1-52C8-E37B3C2FDF1E}.Release|Any CPU.ActiveCfg = Release|Any CPU
		{9DC3DEB6-064A-B4B1-52C8-E37B3C2FDF1E}.Release|Any CPU.Build.0 = Release|Any CPU
		{AD28D7F3-2C2B-4787-23C7-3862F4F7E9CE}.Debug|Any CPU.ActiveCfg = Debug|Any CPU
		{AD28D7F3-2C2B-4787-23C7-3862F4F7E9CE}.Debug|Any CPU.Build.0 = Debug|Any CPU
		{AD28D7F3-2C2B-4787-23C7-3862F4F7E9CE}.Release|Any CPU.ActiveCfg = Release|Any CPU
		{AD28D7F3-2C2B-4787-23C7-3862F4F7E9CE}.Release|Any CPU.Build.0 = Release|Any CPU
	EndGlobalSection
	GlobalSection(SolutionProperties) = preSolution
		HideSolutionNode = FALSE
	EndGlobalSection
EndGlobal
